
Microsoft Visual Studio Solution File, Format Version 12.00
# Visual Studio Version 17
VisualStudioVersion = 17.6.33829.357
MinimumVisualStudioVersion = 10.0.40219.1
Project("{8BC9CEB8-8B4A-11D0-8D11-00A0C91BC942}") = "Project2", "Project2.vcxproj", "{DFFDD0AD-44D7-48C7-A1FE-AC4AE0BD7082}"
EndProject
Global
	GlobalSection(SolutionConfigurationPlatforms) = preSolution
		Debug|x64 = Debug|x64
		Debug|x86 = Debug|x86
		Release|x64 = Release|x64
		Release|x86 = Release|x86
	EndGlobalSection
	GlobalSection(ProjectConfigurationPlatforms) = postSolution
		{DFFDD0AD-44D7-48C7-A1FE-AC4AE0BD7082}.Debug|x64.ActiveCfg = Debug|x64
		{DFFDD0AD-44D7-48C7-A1FE-AC4AE0BD7082}.Debug|x64.Build.0 = Debug|x64
		{DFFDD0AD-44D7-48C7-A1FE-AC4AE0BD7082}.Debug|x86.ActiveCfg = Debug|Win32
		{DFFDD0AD-44D7-48C7-A1FE-AC4AE0BD7082}.Debug|x86.Build.0 = Debug|Win32
		{DFFDD0AD-44D7-48C7-A1FE-AC4AE0BD7082}.Release|x64.ActiveCfg = Release|x64
		{DFFDD0AD-44D7-48C7-A1FE-AC4AE0BD7082}.Release|x64.Build.0 = Release|x64
		{DFFDD0AD-44D7-48C7-A1FE-AC4AE0BD7082}.Release|x86.ActiveCfg = Release|Win32
		{DFFDD0AD-44D7-48C7-A1FE-AC4AE0BD7082}.Release|x86.Build.0 = Release|Win32
	EndGlobalSection
	GlobalSection(SolutionProperties) = preSolution
		HideSolutionNode = FALSE
	EndGlobalSection
	GlobalSection(ExtensibilityGlobals) = postSolution
		SolutionGuid = {745E7080-E464-4076-A1E1-226D340635F3}
	EndGlobalSection
EndGlobal
